// !$*UTF8*$!
{
	archiveVersion = 1;
	classes = {
	};
	objectVersion = 54;
	objects = {

/* Begin PBXBuildFile section */
		00E356F31AD99517003FC87E /* Orientation21Tests.m in Sources */ = {isa = PBXBuildFile; fileRef = 00E356F21AD99517003FC87E /* Orientation21Tests.m */; };
		0719D225715E8F08B60E31B1 /* libPods-Orientation21-Orientation21Tests.a in Frameworks */ = {isa = PBXBuildFile; fileRef = CABEDC6CA616C747074352DF /* libPods-Orientation21-Orientation21Tests.a */; };
		0F832CADC0845C5A9BAA7AE4 /* libPods-Orientation21.a in Frameworks */ = {isa = PBXBuildFile; fileRef = F957A9B532213F757A97586D /* libPods-Orientation21.a */; };
		13B07FBC1A68108700A75B9A /* AppDelegate.m in Sources */ = {isa = PBXBuildFile; fileRef = 13B07FB01A68108700A75B9A /* AppDelegate.m */; };
		13B07FBF1A68108700A75B9A /* Images.xcassets in Resources */ = {isa = PBXBuildFile; fileRef = 13B07FB51A68108700A75B9A /* Images.xcassets */; };
		13B07FC11A68108700A75B9A /* main.m in Sources */ = {isa = PBXBuildFile; fileRef = 13B07FB71A68108700A75B9A /* main.m */; };
		81AB9BB82411601600AC10FF /* LaunchScreen.storyboard in Resources */ = {isa = PBXBuildFile; fileRef = 81AB9BB72411601600AC10FF /* LaunchScreen.storyboard */; };
		22DD9D84C1584D74AB8BAF4A /* SourceSansPro-Black.ttf in Resources */ = {isa = PBXBuildFile; fileRef = 2C49B7F82C684D82B1B3B6C3 /* SourceSansPro-Black.ttf */; };
		F1F6AA8B0B9744A39F419B75 /* SourceSansPro-BlackItalic.ttf in Resources */ = {isa = PBXBuildFile; fileRef = E6F775EB154E46BB9D1C34E8 /* SourceSansPro-BlackItalic.ttf */; };
		B3DE644F11F4439BA014B167 /* SourceSansPro-Bold.ttf in Resources */ = {isa = PBXBuildFile; fileRef = 5A13122B4A354D518EF0D7BC /* SourceSansPro-Bold.ttf */; };
		5B224800026E43F6B8EE9E83 /* SourceSansPro-BoldItalic.ttf in Resources */ = {isa = PBXBuildFile; fileRef = 576D0ABD68DC482DB3B5C879 /* SourceSansPro-BoldItalic.ttf */; };
		4DBEB8FDDCAF4CCDADDE7951 /* SourceSansPro-ExtraLight.ttf in Resources */ = {isa = PBXBuildFile; fileRef = 63DFB1A0AE5342619CF19878 /* SourceSansPro-ExtraLight.ttf */; };
		42B59DFE74304A7F8C7E540B /* SourceSansPro-ExtraLightItalic.ttf in Resources */ = {isa = PBXBuildFile; fileRef = E04E51FB1B4C46D5B4E42A95 /* SourceSansPro-ExtraLightItalic.ttf */; };
		D6469403E8104296B6616DCF /* SourceSansPro-Italic.ttf in Resources */ = {isa = PBXBuildFile; fileRef = 08324F543E244565AFFD3132 /* SourceSansPro-Italic.ttf */; };
		6939DDDE32AB47F099A3E683 /* SourceSansPro-Light.ttf in Resources */ = {isa = PBXBuildFile; fileRef = 6FE8ACE5B5C94E11B12DAE9E /* SourceSansPro-Light.ttf */; };
		33F72D61828E472DA1BED90C /* SourceSansPro-LightItalic.ttf in Resources */ = {isa = PBXBuildFile; fileRef = 87B0421165614A10AE868557 /* SourceSansPro-LightItalic.ttf */; };
		C574DEF1FE9D4F34BD48E247 /* SourceSansPro-Regular.ttf in Resources */ = {isa = PBXBuildFile; fileRef = B768A2AEF29D409DB1E3DEF4 /* SourceSansPro-Regular.ttf */; };
		4FCC6BC029E2479DA4002AAE /* SourceSansPro-SemiBold.ttf in Resources */ = {isa = PBXBuildFile; fileRef = 7B5BC99606DE41729558C749 /* SourceSansPro-SemiBold.ttf */; };
		C580C159F3AB4949AC331B69 /* SourceSansPro-SemiBoldItalic.ttf in Resources */ = {isa = PBXBuildFile; fileRef = AD3B8972AB294848A6CF4304 /* SourceSansPro-SemiBoldItalic.ttf */; };
		0EA1EB49BFF64230979AAB0A /* AntDesign.ttf in Resources */ = {isa = PBXBuildFile; fileRef = 17C3414B70A243A2B5F18FE7 /* AntDesign.ttf */; };
		9BA2FA8C357E4AF4920CD40B /* Entypo.ttf in Resources */ = {isa = PBXBuildFile; fileRef = E7AF8727437B4706902AAB1C /* Entypo.ttf */; };
		93F7DE5E99524FC3B0DFD0D3 /* EvilIcons.ttf in Resources */ = {isa = PBXBuildFile; fileRef = 44FC7F32A63045DAA7E08AD0 /* EvilIcons.ttf */; };
		FF0F3AE3DBF849A79E10AE59 /* Feather.ttf in Resources */ = {isa = PBXBuildFile; fileRef = 372364E327584CD98C6AD986 /* Feather.ttf */; };
		83884A28F472484AA880B932 /* FontAwesome.ttf in Resources */ = {isa = PBXBuildFile; fileRef = AF05EFFE9180472BBDB0C49A /* FontAwesome.ttf */; };
		CC1680641F054C6EBD022F27 /* FontAwesome5_Brands.ttf in Resources */ = {isa = PBXBuildFile; fileRef = 4244607053134CA596466B98 /* FontAwesome5_Brands.ttf */; };
		9323E3611C394366928A7F96 /* FontAwesome5_Regular.ttf in Resources */ = {isa = PBXBuildFile; fileRef = F5D9E5E371764168A0A398B5 /* FontAwesome5_Regular.ttf */; };
		DC88D396363949DFA808739C /* FontAwesome5_Solid.ttf in Resources */ = {isa = PBXBuildFile; fileRef = E1DBC3AF4BB74BF9A9D1062C /* FontAwesome5_Solid.ttf */; };
		AB2BA87677FC4A82B54C2B8F /* Fontisto.ttf in Resources */ = {isa = PBXBuildFile; fileRef = 331123A982A44C688DB8D9BF /* Fontisto.ttf */; };
		0861B7DB50F9447181F69674 /* Foundation.ttf in Resources */ = {isa = PBXBuildFile; fileRef = A73EED3BB6E646609A6F7489 /* Foundation.ttf */; };
		73BF497C69FD43F09517208A /* Ionicons.ttf in Resources */ = {isa = PBXBuildFile; fileRef = F3ED63FF9F7B4632AF7443B0 /* Ionicons.ttf */; };
		F2A287F2C3C443A2A5BBD470 /* MaterialCommunityIcons.ttf in Resources */ = {isa = PBXBuildFile; fileRef = DC43DB8DDCD54DA682F5870B /* MaterialCommunityIcons.ttf */; };
		C386B1F28B1C43F1B53FB61B /* MaterialIcons.ttf in Resources */ = {isa = PBXBuildFile; fileRef = 760FCA40B5DF4AA1A5668FD8 /* MaterialIcons.ttf */; };
		6E5DBC7543B24FCEB9F18C48 /* Octicons.ttf in Resources */ = {isa = PBXBuildFile; fileRef = 975C498FE0DF46178B52A13C /* Octicons.ttf */; };
		0558A70AB9884E6C80EBAF4E /* SimpleLineIcons.ttf in Resources */ = {isa = PBXBuildFile; fileRef = 9117CC9996914DF59352F197 /* SimpleLineIcons.ttf */; };
		EB3EA35145A644C18B6A0A07 /* Zocial.ttf in Resources */ = {isa = PBXBuildFile; fileRef = 7B6D90802CC6493386030809 /* Zocial.ttf */; };
		D37A02AACD1649D3AAD70489 /* Montserrat-ExtraLight.ttf in Resources */ = {isa = PBXBuildFile; fileRef = 271E8552DC634B238318C155 /* Montserrat-ExtraLight.ttf */; };
		B048C3B0A17840E3AC0A3A49 /* Montserrat-Italic.ttf in Resources */ = {isa = PBXBuildFile; fileRef = 766C2109B8A740D4B9A5E841 /* Montserrat-Italic.ttf */; };
		3F4A4EFC2CD3493D8A45356B /* Montserrat-Light.ttf in Resources */ = {isa = PBXBuildFile; fileRef = 37BAB14807FB4567B30FF004 /* Montserrat-Light.ttf */; };
		0BE0781EA37347BF92CDCFD1 /* Montserrat-Medium.ttf in Resources */ = {isa = PBXBuildFile; fileRef = D3A5B397753A4F60A30EFFBD /* Montserrat-Medium.ttf */; };
		80569357F3784EEC82C7AD63 /* Montserrat-Regular.ttf in Resources */ = {isa = PBXBuildFile; fileRef = 1AAAC5386E4E48FAAADDC36D /* Montserrat-Regular.ttf */; };
/* End PBXBuildFile section */

/* Begin PBXContainerItemProxy section */
		00E356F41AD99517003FC87E /* PBXContainerItemProxy */ = {
			isa = PBXContainerItemProxy;
			containerPortal = 83CBB9F71A601CBA00E9B192 /* Project object */;
			proxyType = 1;
			remoteGlobalIDString = 13B07F861A680F5B00A75B9A;
			remoteInfo = Orientation21;
		};
/* End PBXContainerItemProxy section */

/* Begin PBXFileReference section */
		00E356EE1AD99517003FC87E /* Orientation21Tests.xctest */ = {isa = PBXFileReference; explicitFileType = wrapper.cfbundle; includeInIndex = 0; path = Orientation21Tests.xctest; sourceTree = BUILT_PRODUCTS_DIR; };
		00E356F11AD99517003FC87E /* Info.plist */ = {isa = PBXFileReference; lastKnownFileType = text.plist.xml; path = Info.plist; sourceTree = "<group>"; };
		00E356F21AD99517003FC87E /* Orientation21Tests.m */ = {isa = PBXFileReference; lastKnownFileType = sourcecode.c.objc; path = Orientation21Tests.m; sourceTree = "<group>"; };
		13B07F961A680F5B00A75B9A /* Orientation21.app */ = {isa = PBXFileReference; explicitFileType = wrapper.application; includeInIndex = 0; path = Orientation21.app; sourceTree = BUILT_PRODUCTS_DIR; };
		13B07FAF1A68108700A75B9A /* AppDelegate.h */ = {isa = PBXFileReference; fileEncoding = 4; lastKnownFileType = sourcecode.c.h; name = AppDelegate.h; path = Orientation21/AppDelegate.h; sourceTree = "<group>"; };
		13B07FB01A68108700A75B9A /* AppDelegate.m */ = {isa = PBXFileReference; fileEncoding = 4; lastKnownFileType = sourcecode.c.objc; name = AppDelegate.m; path = Orientation21/AppDelegate.m; sourceTree = "<group>"; };
		13B07FB51A68108700A75B9A /* Images.xcassets */ = {isa = PBXFileReference; lastKnownFileType = folder.assetcatalog; name = Images.xcassets; path = Orientation21/Images.xcassets; sourceTree = "<group>"; };
		13B07FB61A68108700A75B9A /* Info.plist */ = {isa = PBXFileReference; fileEncoding = 4; lastKnownFileType = text.plist.xml; name = Info.plist; path = Orientation21/Info.plist; sourceTree = "<group>"; };
		13B07FB71A68108700A75B9A /* main.m */ = {isa = PBXFileReference; fileEncoding = 4; lastKnownFileType = sourcecode.c.objc; name = main.m; path = Orientation21/main.m; sourceTree = "<group>"; };
		4DBBB5FF2A3F08DE3D08614A /* Pods-Orientation21.debug.xcconfig */ = {isa = PBXFileReference; includeInIndex = 1; lastKnownFileType = text.xcconfig; name = "Pods-Orientation21.debug.xcconfig"; path = "Target Support Files/Pods-Orientation21/Pods-Orientation21.debug.xcconfig"; sourceTree = "<group>"; };
		4DDFF8226764EC6CA026C560 /* Pods-Orientation21-Orientation21Tests.release.xcconfig */ = {isa = PBXFileReference; includeInIndex = 1; lastKnownFileType = text.xcconfig; name = "Pods-Orientation21-Orientation21Tests.release.xcconfig"; path = "Target Support Files/Pods-Orientation21-Orientation21Tests/Pods-Orientation21-Orientation21Tests.release.xcconfig"; sourceTree = "<group>"; };
		717B1C1B448ED9087E2F7079 /* Pods-Orientation21-Orientation21Tests.debug.xcconfig */ = {isa = PBXFileReference; includeInIndex = 1; lastKnownFileType = text.xcconfig; name = "Pods-Orientation21-Orientation21Tests.debug.xcconfig"; path = "Target Support Files/Pods-Orientation21-Orientation21Tests/Pods-Orientation21-Orientation21Tests.debug.xcconfig"; sourceTree = "<group>"; };
		81AB9BB72411601600AC10FF /* LaunchScreen.storyboard */ = {isa = PBXFileReference; fileEncoding = 4; lastKnownFileType = file.storyboard; name = LaunchScreen.storyboard; path = Orientation21/LaunchScreen.storyboard; sourceTree = "<group>"; };
		CABEDC6CA616C747074352DF /* libPods-Orientation21-Orientation21Tests.a */ = {isa = PBXFileReference; explicitFileType = archive.ar; includeInIndex = 0; path = "libPods-Orientation21-Orientation21Tests.a"; sourceTree = BUILT_PRODUCTS_DIR; };
		DF1238CCB32AAB143238CCD8 /* Pods-Orientation21.release.xcconfig */ = {isa = PBXFileReference; includeInIndex = 1; lastKnownFileType = text.xcconfig; name = "Pods-Orientation21.release.xcconfig"; path = "Target Support Files/Pods-Orientation21/Pods-Orientation21.release.xcconfig"; sourceTree = "<group>"; };
		ED297162215061F000B7C4FE /* JavaScriptCore.framework */ = {isa = PBXFileReference; lastKnownFileType = wrapper.framework; name = JavaScriptCore.framework; path = System/Library/Frameworks/JavaScriptCore.framework; sourceTree = SDKROOT; };
		F957A9B532213F757A97586D /* libPods-Orientation21.a */ = {isa = PBXFileReference; explicitFileType = archive.ar; includeInIndex = 0; path = "libPods-Orientation21.a"; sourceTree = BUILT_PRODUCTS_DIR; };
		2C49B7F82C684D82B1B3B6C3 /* SourceSansPro-Black.ttf */ = {isa = PBXFileReference; name = "SourceSansPro-Black.ttf"; path = "../res/assets/fonts/SourceSansPro-Black.ttf"; sourceTree = "<group>"; fileEncoding = undefined; lastKnownFileType = unknown; explicitFileType = undefined; includeInIndex = 0; };
		E6F775EB154E46BB9D1C34E8 /* SourceSansPro-BlackItalic.ttf */ = {isa = PBXFileReference; name = "SourceSansPro-BlackItalic.ttf"; path = "../res/assets/fonts/SourceSansPro-BlackItalic.ttf"; sourceTree = "<group>"; fileEncoding = undefined; lastKnownFileType = unknown; explicitFileType = undefined; includeInIndex = 0; };
		5A13122B4A354D518EF0D7BC /* SourceSansPro-Bold.ttf */ = {isa = PBXFileReference; name = "SourceSansPro-Bold.ttf"; path = "../res/assets/fonts/SourceSansPro-Bold.ttf"; sourceTree = "<group>"; fileEncoding = undefined; lastKnownFileType = unknown; explicitFileType = undefined; includeInIndex = 0; };
		576D0ABD68DC482DB3B5C879 /* SourceSansPro-BoldItalic.ttf */ = {isa = PBXFileReference; name = "SourceSansPro-BoldItalic.ttf"; path = "../res/assets/fonts/SourceSansPro-BoldItalic.ttf"; sourceTree = "<group>"; fileEncoding = undefined; lastKnownFileType = unknown; explicitFileType = undefined; includeInIndex = 0; };
		63DFB1A0AE5342619CF19878 /* SourceSansPro-ExtraLight.ttf */ = {isa = PBXFileReference; name = "SourceSansPro-ExtraLight.ttf"; path = "../res/assets/fonts/SourceSansPro-ExtraLight.ttf"; sourceTree = "<group>"; fileEncoding = undefined; lastKnownFileType = unknown; explicitFileType = undefined; includeInIndex = 0; };
		E04E51FB1B4C46D5B4E42A95 /* SourceSansPro-ExtraLightItalic.ttf */ = {isa = PBXFileReference; name = "SourceSansPro-ExtraLightItalic.ttf"; path = "../res/assets/fonts/SourceSansPro-ExtraLightItalic.ttf"; sourceTree = "<group>"; fileEncoding = undefined; lastKnownFileType = unknown; explicitFileType = undefined; includeInIndex = 0; };
		08324F543E244565AFFD3132 /* SourceSansPro-Italic.ttf */ = {isa = PBXFileReference; name = "SourceSansPro-Italic.ttf"; path = "../res/assets/fonts/SourceSansPro-Italic.ttf"; sourceTree = "<group>"; fileEncoding = undefined; lastKnownFileType = unknown; explicitFileType = undefined; includeInIndex = 0; };
		6FE8ACE5B5C94E11B12DAE9E /* SourceSansPro-Light.ttf */ = {isa = PBXFileReference; name = "SourceSansPro-Light.ttf"; path = "../res/assets/fonts/SourceSansPro-Light.ttf"; sourceTree = "<group>"; fileEncoding = undefined; lastKnownFileType = unknown; explicitFileType = undefined; includeInIndex = 0; };
		87B0421165614A10AE868557 /* SourceSansPro-LightItalic.ttf */ = {isa = PBXFileReference; name = "SourceSansPro-LightItalic.ttf"; path = "../res/assets/fonts/SourceSansPro-LightItalic.ttf"; sourceTree = "<group>"; fileEncoding = undefined; lastKnownFileType = unknown; explicitFileType = undefined; includeInIndex = 0; };
		B768A2AEF29D409DB1E3DEF4 /* SourceSansPro-Regular.ttf */ = {isa = PBXFileReference; name = "SourceSansPro-Regular.ttf"; path = "../res/assets/fonts/SourceSansPro-Regular.ttf"; sourceTree = "<group>"; fileEncoding = undefined; lastKnownFileType = unknown; explicitFileType = undefined; includeInIndex = 0; };
		7B5BC99606DE41729558C749 /* SourceSansPro-SemiBold.ttf */ = {isa = PBXFileReference; name = "SourceSansPro-SemiBold.ttf"; path = "../res/assets/fonts/SourceSansPro-SemiBold.ttf"; sourceTree = "<group>"; fileEncoding = undefined; lastKnownFileType = unknown; explicitFileType = undefined; includeInIndex = 0; };
		AD3B8972AB294848A6CF4304 /* SourceSansPro-SemiBoldItalic.ttf */ = {isa = PBXFileReference; name = "SourceSansPro-SemiBoldItalic.ttf"; path = "../res/assets/fonts/SourceSansPro-SemiBoldItalic.ttf"; sourceTree = "<group>"; fileEncoding = undefined; lastKnownFileType = unknown; explicitFileType = undefined; includeInIndex = 0; };
		17C3414B70A243A2B5F18FE7 /* AntDesign.ttf */ = {isa = PBXFileReference; name = "AntDesign.ttf"; path = "../node_modules/react-native-vector-icons/Fonts/AntDesign.ttf"; sourceTree = "<group>"; fileEncoding = undefined; lastKnownFileType = unknown; explicitFileType = undefined; includeInIndex = 0; };
		E7AF8727437B4706902AAB1C /* Entypo.ttf */ = {isa = PBXFileReference; name = "Entypo.ttf"; path = "../node_modules/react-native-vector-icons/Fonts/Entypo.ttf"; sourceTree = "<group>"; fileEncoding = undefined; lastKnownFileType = unknown; explicitFileType = undefined; includeInIndex = 0; };
		44FC7F32A63045DAA7E08AD0 /* EvilIcons.ttf */ = {isa = PBXFileReference; name = "EvilIcons.ttf"; path = "../node_modules/react-native-vector-icons/Fonts/EvilIcons.ttf"; sourceTree = "<group>"; fileEncoding = undefined; lastKnownFileType = unknown; explicitFileType = undefined; includeInIndex = 0; };
		372364E327584CD98C6AD986 /* Feather.ttf */ = {isa = PBXFileReference; name = "Feather.ttf"; path = "../node_modules/react-native-vector-icons/Fonts/Feather.ttf"; sourceTree = "<group>"; fileEncoding = undefined; lastKnownFileType = unknown; explicitFileType = undefined; includeInIndex = 0; };
		AF05EFFE9180472BBDB0C49A /* FontAwesome.ttf */ = {isa = PBXFileReference; name = "FontAwesome.ttf"; path = "../node_modules/react-native-vector-icons/Fonts/FontAwesome.ttf"; sourceTree = "<group>"; fileEncoding = undefined; lastKnownFileType = unknown; explicitFileType = undefined; includeInIndex = 0; };
		4244607053134CA596466B98 /* FontAwesome5_Brands.ttf */ = {isa = PBXFileReference; name = "FontAwesome5_Brands.ttf"; path = "../node_modules/react-native-vector-icons/Fonts/FontAwesome5_Brands.ttf"; sourceTree = "<group>"; fileEncoding = undefined; lastKnownFileType = unknown; explicitFileType = undefined; includeInIndex = 0; };
		F5D9E5E371764168A0A398B5 /* FontAwesome5_Regular.ttf */ = {isa = PBXFileReference; name = "FontAwesome5_Regular.ttf"; path = "../node_modules/react-native-vector-icons/Fonts/FontAwesome5_Regular.ttf"; sourceTree = "<group>"; fileEncoding = undefined; lastKnownFileType = unknown; explicitFileType = undefined; includeInIndex = 0; };
		E1DBC3AF4BB74BF9A9D1062C /* FontAwesome5_Solid.ttf */ = {isa = PBXFileReference; name = "FontAwesome5_Solid.ttf"; path = "../node_modules/react-native-vector-icons/Fonts/FontAwesome5_Solid.ttf"; sourceTree = "<group>"; fileEncoding = undefined; lastKnownFileType = unknown; explicitFileType = undefined; includeInIndex = 0; };
		331123A982A44C688DB8D9BF /* Fontisto.ttf */ = {isa = PBXFileReference; name = "Fontisto.ttf"; path = "../node_modules/react-native-vector-icons/Fonts/Fontisto.ttf"; sourceTree = "<group>"; fileEncoding = undefined; lastKnownFileType = unknown; explicitFileType = undefined; includeInIndex = 0; };
		A73EED3BB6E646609A6F7489 /* Foundation.ttf */ = {isa = PBXFileReference; name = "Foundation.ttf"; path = "../node_modules/react-native-vector-icons/Fonts/Foundation.ttf"; sourceTree = "<group>"; fileEncoding = undefined; lastKnownFileType = unknown; explicitFileType = undefined; includeInIndex = 0; };
		F3ED63FF9F7B4632AF7443B0 /* Ionicons.ttf */ = {isa = PBXFileReference; name = "Ionicons.ttf"; path = "../node_modules/react-native-vector-icons/Fonts/Ionicons.ttf"; sourceTree = "<group>"; fileEncoding = undefined; lastKnownFileType = unknown; explicitFileType = undefined; includeInIndex = 0; };
		DC43DB8DDCD54DA682F5870B /* MaterialCommunityIcons.ttf */ = {isa = PBXFileReference; name = "MaterialCommunityIcons.ttf"; path = "../node_modules/react-native-vector-icons/Fonts/MaterialCommunityIcons.ttf"; sourceTree = "<group>"; fileEncoding = undefined; lastKnownFileType = unknown; explicitFileType = undefined; includeInIndex = 0; };
		760FCA40B5DF4AA1A5668FD8 /* MaterialIcons.ttf */ = {isa = PBXFileReference; name = "MaterialIcons.ttf"; path = "../node_modules/react-native-vector-icons/Fonts/MaterialIcons.ttf"; sourceTree = "<group>"; fileEncoding = undefined; lastKnownFileType = unknown; explicitFileType = undefined; includeInIndex = 0; };
		975C498FE0DF46178B52A13C /* Octicons.ttf */ = {isa = PBXFileReference; name = "Octicons.ttf"; path = "../node_modules/react-native-vector-icons/Fonts/Octicons.ttf"; sourceTree = "<group>"; fileEncoding = undefined; lastKnownFileType = unknown; explicitFileType = undefined; includeInIndex = 0; };
		9117CC9996914DF59352F197 /* SimpleLineIcons.ttf */ = {isa = PBXFileReference; name = "SimpleLineIcons.ttf"; path = "../node_modules/react-native-vector-icons/Fonts/SimpleLineIcons.ttf"; sourceTree = "<group>"; fileEncoding = undefined; lastKnownFileType = unknown; explicitFileType = undefined; includeInIndex = 0; };
		7B6D90802CC6493386030809 /* Zocial.ttf */ = {isa = PBXFileReference; name = "Zocial.ttf"; path = "../node_modules/react-native-vector-icons/Fonts/Zocial.ttf"; sourceTree = "<group>"; fileEncoding = undefined; lastKnownFileType = unknown; explicitFileType = undefined; includeInIndex = 0; };
		271E8552DC634B238318C155 /* Montserrat-ExtraLight.ttf */ = {isa = PBXFileReference; name = "Montserrat-ExtraLight.ttf"; path = "../res/assets/fonts/Montserrat-ExtraLight.ttf"; sourceTree = "<group>"; fileEncoding = undefined; lastKnownFileType = unknown; explicitFileType = undefined; includeInIndex = 0; };
		766C2109B8A740D4B9A5E841 /* Montserrat-Italic.ttf */ = {isa = PBXFileReference; name = "Montserrat-Italic.ttf"; path = "../res/assets/fonts/Montserrat-Italic.ttf"; sourceTree = "<group>"; fileEncoding = undefined; lastKnownFileType = unknown; explicitFileType = undefined; includeInIndex = 0; };
		37BAB14807FB4567B30FF004 /* Montserrat-Light.ttf */ = {isa = PBXFileReference; name = "Montserrat-Light.ttf"; path = "../res/assets/fonts/Montserrat-Light.ttf"; sourceTree = "<group>"; fileEncoding = undefined; lastKnownFileType = unknown; explicitFileType = undefined; includeInIndex = 0; };
		D3A5B397753A4F60A30EFFBD /* Montserrat-Medium.ttf */ = {isa = PBXFileReference; name = "Montserrat-Medium.ttf"; path = "../res/assets/fonts/Montserrat-Medium.ttf"; sourceTree = "<group>"; fileEncoding = undefined; lastKnownFileType = unknown; explicitFileType = undefined; includeInIndex = 0; };
		1AAAC5386E4E48FAAADDC36D /* Montserrat-Regular.ttf */ = {isa = PBXFileReference; name = "Montserrat-Regular.ttf"; path = "../res/assets/fonts/Montserrat-Regular.ttf"; sourceTree = "<group>"; fileEncoding = undefined; lastKnownFileType = unknown; explicitFileType = undefined; includeInIndex = 0; };
/* End PBXFileReference section */

/* Begin PBXFrameworksBuildPhase section */
		00E356EB1AD99517003FC87E /* Frameworks */ = {
			isa = PBXFrameworksBuildPhase;
			buildActionMask = 2147483647;
			files = (
				0719D225715E8F08B60E31B1 /* libPods-Orientation21-Orientation21Tests.a in Frameworks */,
			);
			runOnlyForDeploymentPostprocessing = 0;
		};
		13B07F8C1A680F5B00A75B9A /* Frameworks */ = {
			isa = PBXFrameworksBuildPhase;
			buildActionMask = 2147483647;
			files = (
				0F832CADC0845C5A9BAA7AE4 /* libPods-Orientation21.a in Frameworks */,
			);
			runOnlyForDeploymentPostprocessing = 0;
		};
/* End PBXFrameworksBuildPhase section */

/* Begin PBXGroup section */
		00E356EF1AD99517003FC87E /* Orientation21Tests */ = {
			isa = PBXGroup;
			children = (
				00E356F21AD99517003FC87E /* Orientation21Tests.m */,
				00E356F01AD99517003FC87E /* Supporting Files */,
			);
			path = Orientation21Tests;
			sourceTree = "<group>";
		};
		00E356F01AD99517003FC87E /* Supporting Files */ = {
			isa = PBXGroup;
			children = (
				00E356F11AD99517003FC87E /* Info.plist */,
			);
			name = "Supporting Files";
			sourceTree = "<group>";
		};
		13B07FAE1A68108700A75B9A /* Orientation21 */ = {
			isa = PBXGroup;
			children = (
				13B07FAF1A68108700A75B9A /* AppDelegate.h */,
				13B07FB01A68108700A75B9A /* AppDelegate.m */,
				13B07FB51A68108700A75B9A /* Images.xcassets */,
				13B07FB61A68108700A75B9A /* Info.plist */,
				81AB9BB72411601600AC10FF /* LaunchScreen.storyboard */,
				13B07FB71A68108700A75B9A /* main.m */,
			);
			name = Orientation21;
			sourceTree = "<group>";
		};
		1B32D638DB26EC06EAF7171A /* Pods */ = {
			isa = PBXGroup;
			children = (
				4DBBB5FF2A3F08DE3D08614A /* Pods-Orientation21.debug.xcconfig */,
				DF1238CCB32AAB143238CCD8 /* Pods-Orientation21.release.xcconfig */,
				717B1C1B448ED9087E2F7079 /* Pods-Orientation21-Orientation21Tests.debug.xcconfig */,
				4DDFF8226764EC6CA026C560 /* Pods-Orientation21-Orientation21Tests.release.xcconfig */,
			);
			name = Pods;
			path = Pods;
			sourceTree = "<group>";
		};
		2D16E6871FA4F8E400B85C8A /* Frameworks */ = {
			isa = PBXGroup;
			children = (
				ED297162215061F000B7C4FE /* JavaScriptCore.framework */,
				F957A9B532213F757A97586D /* libPods-Orientation21.a */,
				CABEDC6CA616C747074352DF /* libPods-Orientation21-Orientation21Tests.a */,
			);
			name = Frameworks;
			sourceTree = "<group>";
		};
		832341AE1AAA6A7D00B99B32 /* Libraries */ = {
			isa = PBXGroup;
			children = (
			);
			name = Libraries;
			sourceTree = "<group>";
		};
		83CBB9F61A601CBA00E9B192 = {
			isa = PBXGroup;
			children = (
				13B07FAE1A68108700A75B9A /* Orientation21 */,
				832341AE1AAA6A7D00B99B32 /* Libraries */,
				00E356EF1AD99517003FC87E /* Orientation21Tests */,
				83CBBA001A601CBA00E9B192 /* Products */,
				2D16E6871FA4F8E400B85C8A /* Frameworks */,
				1B32D638DB26EC06EAF7171A /* Pods */,
				D346719DBD7D43089C9EA66E /* Resources */,
			);
			indentWidth = 2;
			sourceTree = "<group>";
			tabWidth = 2;
			usesTabs = 0;
		};
		83CBBA001A601CBA00E9B192 /* Products */ = {
			isa = PBXGroup;
			children = (
				13B07F961A680F5B00A75B9A /* Orientation21.app */,
				00E356EE1AD99517003FC87E /* Orientation21Tests.xctest */,
			);
			name = Products;
			sourceTree = "<group>";
		};
		D346719DBD7D43089C9EA66E /* Resources */ = {
			isa = "PBXGroup";
			children = (
				2C49B7F82C684D82B1B3B6C3 /* SourceSansPro-Black.ttf */,
				E6F775EB154E46BB9D1C34E8 /* SourceSansPro-BlackItalic.ttf */,
				5A13122B4A354D518EF0D7BC /* SourceSansPro-Bold.ttf */,
				576D0ABD68DC482DB3B5C879 /* SourceSansPro-BoldItalic.ttf */,
				63DFB1A0AE5342619CF19878 /* SourceSansPro-ExtraLight.ttf */,
				E04E51FB1B4C46D5B4E42A95 /* SourceSansPro-ExtraLightItalic.ttf */,
				08324F543E244565AFFD3132 /* SourceSansPro-Italic.ttf */,
				6FE8ACE5B5C94E11B12DAE9E /* SourceSansPro-Light.ttf */,
				87B0421165614A10AE868557 /* SourceSansPro-LightItalic.ttf */,
				B768A2AEF29D409DB1E3DEF4 /* SourceSansPro-Regular.ttf */,
				7B5BC99606DE41729558C749 /* SourceSansPro-SemiBold.ttf */,
				AD3B8972AB294848A6CF4304 /* SourceSansPro-SemiBoldItalic.ttf */,
				17C3414B70A243A2B5F18FE7 /* AntDesign.ttf */,
				E7AF8727437B4706902AAB1C /* Entypo.ttf */,
				44FC7F32A63045DAA7E08AD0 /* EvilIcons.ttf */,
				372364E327584CD98C6AD986 /* Feather.ttf */,
				AF05EFFE9180472BBDB0C49A /* FontAwesome.ttf */,
				4244607053134CA596466B98 /* FontAwesome5_Brands.ttf */,
				F5D9E5E371764168A0A398B5 /* FontAwesome5_Regular.ttf */,
				E1DBC3AF4BB74BF9A9D1062C /* FontAwesome5_Solid.ttf */,
				331123A982A44C688DB8D9BF /* Fontisto.ttf */,
				A73EED3BB6E646609A6F7489 /* Foundation.ttf */,
				F3ED63FF9F7B4632AF7443B0 /* Ionicons.ttf */,
				DC43DB8DDCD54DA682F5870B /* MaterialCommunityIcons.ttf */,
				760FCA40B5DF4AA1A5668FD8 /* MaterialIcons.ttf */,
				975C498FE0DF46178B52A13C /* Octicons.ttf */,
				9117CC9996914DF59352F197 /* SimpleLineIcons.ttf */,
				7B6D90802CC6493386030809 /* Zocial.ttf */,
				271E8552DC634B238318C155 /* Montserrat-ExtraLight.ttf */,
				766C2109B8A740D4B9A5E841 /* Montserrat-Italic.ttf */,
				37BAB14807FB4567B30FF004 /* Montserrat-Light.ttf */,
				D3A5B397753A4F60A30EFFBD /* Montserrat-Medium.ttf */,
				1AAAC5386E4E48FAAADDC36D /* Montserrat-Regular.ttf */,
			);
			name = Resources;
			sourceTree = "<group>";
			path = "";
		};
/* End PBXGroup section */

/* Begin PBXNativeTarget section */
		00E356ED1AD99517003FC87E /* Orientation21Tests */ = {
			isa = PBXNativeTarget;
			buildConfigurationList = 00E357021AD99517003FC87E /* Build configuration list for PBXNativeTarget "Orientation21Tests" */;
			buildPhases = (
				A60D757FB3B255BE356B2AB3 /* [CP] Check Pods Manifest.lock */,
				00E356EA1AD99517003FC87E /* Sources */,
				00E356EB1AD99517003FC87E /* Frameworks */,
				00E356EC1AD99517003FC87E /* Resources */,
				4B50ECC43E89D406BBD37D7E /* [CP] Embed Pods Frameworks */,
				DB8E72A4A92EF3E304D22B78 /* [CP] Copy Pods Resources */,
			);
			buildRules = (
			);
			dependencies = (
				00E356F51AD99517003FC87E /* PBXTargetDependency */,
			);
			name = Orientation21Tests;
			productName = Orientation21Tests;
			productReference = 00E356EE1AD99517003FC87E /* Orientation21Tests.xctest */;
			productType = "com.apple.product-type.bundle.unit-test";
		};
		13B07F861A680F5B00A75B9A /* Orientation21 */ = {
			isa = PBXNativeTarget;
			buildConfigurationList = 13B07F931A680F5B00A75B9A /* Build configuration list for PBXNativeTarget "Orientation21" */;
			buildPhases = (
				0422C51985063E9E820778CF /* [CP] Check Pods Manifest.lock */,
				FD10A7F022414F080027D42C /* Start Packager */,
				13B07F871A680F5B00A75B9A /* Sources */,
				13B07F8C1A680F5B00A75B9A /* Frameworks */,
				13B07F8E1A680F5B00A75B9A /* Resources */,
				00DD1BFF1BD5951E006B06BC /* Bundle React Native code and images */,
				799ED0470F7AFDC2C085BAEA /* [CP] Embed Pods Frameworks */,
				6F54FED33F797C76A2FF97C9 /* [CP] Copy Pods Resources */,
			);
			buildRules = (
			);
			dependencies = (
			);
			name = Orientation21;
			productName = Orientation21;
			productReference = 13B07F961A680F5B00A75B9A /* Orientation21.app */;
			productType = "com.apple.product-type.application";
		};
/* End PBXNativeTarget section */

/* Begin PBXProject section */
		83CBB9F71A601CBA00E9B192 /* Project object */ = {
			isa = PBXProject;
			attributes = {
				LastUpgradeCheck = 1210;
				TargetAttributes = {
					00E356ED1AD99517003FC87E = {
						CreatedOnToolsVersion = 6.2;
						TestTargetID = 13B07F861A680F5B00A75B9A;
					};
					13B07F861A680F5B00A75B9A = {
						LastSwiftMigration = 1120;
					};
				};
			};
			buildConfigurationList = 83CBB9FA1A601CBA00E9B192 /* Build configuration list for PBXProject "Orientation21" */;
			compatibilityVersion = "Xcode 12.0";
			developmentRegion = en;
			hasScannedForEncodings = 0;
			knownRegions = (
				en,
				Base,
			);
			mainGroup = 83CBB9F61A601CBA00E9B192;
			productRefGroup = 83CBBA001A601CBA00E9B192 /* Products */;
			projectDirPath = "";
			projectRoot = "";
			targets = (
				13B07F861A680F5B00A75B9A /* Orientation21 */,
				00E356ED1AD99517003FC87E /* Orientation21Tests */,
			);
		};
/* End PBXProject section */

/* Begin PBXResourcesBuildPhase section */
		00E356EC1AD99517003FC87E /* Resources */ = {
			isa = PBXResourcesBuildPhase;
			buildActionMask = 2147483647;
			files = (
			);
			runOnlyForDeploymentPostprocessing = 0;
		};
		13B07F8E1A680F5B00A75B9A /* Resources */ = {
			isa = PBXResourcesBuildPhase;
			buildActionMask = 2147483647;
			files = (
				81AB9BB82411601600AC10FF /* LaunchScreen.storyboard in Resources */,
				13B07FBF1A68108700A75B9A /* Images.xcassets in Resources */,
				22DD9D84C1584D74AB8BAF4A /* SourceSansPro-Black.ttf in Resources */,
				F1F6AA8B0B9744A39F419B75 /* SourceSansPro-BlackItalic.ttf in Resources */,
				B3DE644F11F4439BA014B167 /* SourceSansPro-Bold.ttf in Resources */,
				5B224800026E43F6B8EE9E83 /* SourceSansPro-BoldItalic.ttf in Resources */,
				4DBEB8FDDCAF4CCDADDE7951 /* SourceSansPro-ExtraLight.ttf in Resources */,
				42B59DFE74304A7F8C7E540B /* SourceSansPro-ExtraLightItalic.ttf in Resources */,
				D6469403E8104296B6616DCF /* SourceSansPro-Italic.ttf in Resources */,
				6939DDDE32AB47F099A3E683 /* SourceSansPro-Light.ttf in Resources */,
				33F72D61828E472DA1BED90C /* SourceSansPro-LightItalic.ttf in Resources */,
				C574DEF1FE9D4F34BD48E247 /* SourceSansPro-Regular.ttf in Resources */,
				4FCC6BC029E2479DA4002AAE /* SourceSansPro-SemiBold.ttf in Resources */,
				C580C159F3AB4949AC331B69 /* SourceSansPro-SemiBoldItalic.ttf in Resources */,
				0EA1EB49BFF64230979AAB0A /* AntDesign.ttf in Resources */,
				9BA2FA8C357E4AF4920CD40B /* Entypo.ttf in Resources */,
				93F7DE5E99524FC3B0DFD0D3 /* EvilIcons.ttf in Resources */,
				FF0F3AE3DBF849A79E10AE59 /* Feather.ttf in Resources */,
				83884A28F472484AA880B932 /* FontAwesome.ttf in Resources */,
				CC1680641F054C6EBD022F27 /* FontAwesome5_Brands.ttf in Resources */,
				9323E3611C394366928A7F96 /* FontAwesome5_Regular.ttf in Resources */,
				DC88D396363949DFA808739C /* FontAwesome5_Solid.ttf in Resources */,
				AB2BA87677FC4A82B54C2B8F /* Fontisto.ttf in Resources */,
				0861B7DB50F9447181F69674 /* Foundation.ttf in Resources */,
				73BF497C69FD43F09517208A /* Ionicons.ttf in Resources */,
				F2A287F2C3C443A2A5BBD470 /* MaterialCommunityIcons.ttf in Resources */,
				C386B1F28B1C43F1B53FB61B /* MaterialIcons.ttf in Resources */,
				6E5DBC7543B24FCEB9F18C48 /* Octicons.ttf in Resources */,
				0558A70AB9884E6C80EBAF4E /* SimpleLineIcons.ttf in Resources */,
				EB3EA35145A644C18B6A0A07 /* Zocial.ttf in Resources */,
				D37A02AACD1649D3AAD70489 /* Montserrat-ExtraLight.ttf in Resources */,
				B048C3B0A17840E3AC0A3A49 /* Montserrat-Italic.ttf in Resources */,
				3F4A4EFC2CD3493D8A45356B /* Montserrat-Light.ttf in Resources */,
				0BE0781EA37347BF92CDCFD1 /* Montserrat-Medium.ttf in Resources */,
				80569357F3784EEC82C7AD63 /* Montserrat-Regular.ttf in Resources */,
			);
			runOnlyForDeploymentPostprocessing = 0;
		};
/* End PBXResourcesBuildPhase section */

/* Begin PBXShellScriptBuildPhase section */
		00DD1BFF1BD5951E006B06BC /* Bundle React Native code and images */ = {
			isa = PBXShellScriptBuildPhase;
			buildActionMask = 2147483647;
			files = (
			);
			inputPaths = (
			);
			name = "Bundle React Native code and images";
			outputPaths = (
			);
			runOnlyForDeploymentPostprocessing = 0;
			shellPath = /bin/sh;
			shellScript = "set -e\n\nexport NODE_BINARY=node\n../node_modules/react-native/scripts/react-native-xcode.sh\n";
		};
		0422C51985063E9E820778CF /* [CP] Check Pods Manifest.lock */ = {
			isa = PBXShellScriptBuildPhase;
			buildActionMask = 2147483647;
			files = (
			);
			inputFileListPaths = (
			);
			inputPaths = (
				"${PODS_PODFILE_DIR_PATH}/Podfile.lock",
				"${PODS_ROOT}/Manifest.lock",
			);
			name = "[CP] Check Pods Manifest.lock";
			outputFileListPaths = (
			);
			outputPaths = (
				"$(DERIVED_FILE_DIR)/Pods-Orientation21-checkManifestLockResult.txt",
			);
			runOnlyForDeploymentPostprocessing = 0;
			shellPath = /bin/sh;
			shellScript = "diff \"${PODS_PODFILE_DIR_PATH}/Podfile.lock\" \"${PODS_ROOT}/Manifest.lock\" > /dev/null\nif [ $? != 0 ] ; then\n    # print error to STDERR\n    echo \"error: The sandbox is not in sync with the Podfile.lock. Run 'pod install' or update your CocoaPods installation.\" >&2\n    exit 1\nfi\n# This output is used by Xcode 'outputs' to avoid re-running this script phase.\necho \"SUCCESS\" > \"${SCRIPT_OUTPUT_FILE_0}\"\n";
			showEnvVarsInLog = 0;
		};
		4B50ECC43E89D406BBD37D7E /* [CP] Embed Pods Frameworks */ = {
			isa = PBXShellScriptBuildPhase;
			buildActionMask = 2147483647;
			files = (
			);
			inputFileListPaths = (
				"${PODS_ROOT}/Target Support Files/Pods-Orientation21-Orientation21Tests/Pods-Orientation21-Orientation21Tests-frameworks-${CONFIGURATION}-input-files.xcfilelist",
			);
			name = "[CP] Embed Pods Frameworks";
			outputFileListPaths = (
				"${PODS_ROOT}/Target Support Files/Pods-Orientation21-Orientation21Tests/Pods-Orientation21-Orientation21Tests-frameworks-${CONFIGURATION}-output-files.xcfilelist",
			);
			runOnlyForDeploymentPostprocessing = 0;
			shellPath = /bin/sh;
			shellScript = "\"${PODS_ROOT}/Target Support Files/Pods-Orientation21-Orientation21Tests/Pods-Orientation21-Orientation21Tests-frameworks.sh\"\n";
			showEnvVarsInLog = 0;
		};
		6F54FED33F797C76A2FF97C9 /* [CP] Copy Pods Resources */ = {
			isa = PBXShellScriptBuildPhase;
			buildActionMask = 2147483647;
			files = (
			);
			inputFileListPaths = (
				"${PODS_ROOT}/Target Support Files/Pods-Orientation21/Pods-Orientation21-resources-${CONFIGURATION}-input-files.xcfilelist",
			);
			name = "[CP] Copy Pods Resources";
			outputFileListPaths = (
				"${PODS_ROOT}/Target Support Files/Pods-Orientation21/Pods-Orientation21-resources-${CONFIGURATION}-output-files.xcfilelist",
			);
			runOnlyForDeploymentPostprocessing = 0;
			shellPath = /bin/sh;
			shellScript = "\"${PODS_ROOT}/Target Support Files/Pods-Orientation21/Pods-Orientation21-resources.sh\"\n";
			showEnvVarsInLog = 0;
		};
		799ED0470F7AFDC2C085BAEA /* [CP] Embed Pods Frameworks */ = {
			isa = PBXShellScriptBuildPhase;
			buildActionMask = 2147483647;
			files = (
			);
			inputFileListPaths = (
				"${PODS_ROOT}/Target Support Files/Pods-Orientation21/Pods-Orientation21-frameworks-${CONFIGURATION}-input-files.xcfilelist",
			);
			name = "[CP] Embed Pods Frameworks";
			outputFileListPaths = (
				"${PODS_ROOT}/Target Support Files/Pods-Orientation21/Pods-Orientation21-frameworks-${CONFIGURATION}-output-files.xcfilelist",
			);
			runOnlyForDeploymentPostprocessing = 0;
			shellPath = /bin/sh;
			shellScript = "\"${PODS_ROOT}/Target Support Files/Pods-Orientation21/Pods-Orientation21-frameworks.sh\"\n";
			showEnvVarsInLog = 0;
		};
		A60D757FB3B255BE356B2AB3 /* [CP] Check Pods Manifest.lock */ = {
			isa = PBXShellScriptBuildPhase;
			buildActionMask = 2147483647;
			files = (
			);
			inputFileListPaths = (
			);
			inputPaths = (
				"${PODS_PODFILE_DIR_PATH}/Podfile.lock",
				"${PODS_ROOT}/Manifest.lock",
			);
			name = "[CP] Check Pods Manifest.lock";
			outputFileListPaths = (
			);
			outputPaths = (
				"$(DERIVED_FILE_DIR)/Pods-Orientation21-Orientation21Tests-checkManifestLockResult.txt",
			);
			runOnlyForDeploymentPostprocessing = 0;
			shellPath = /bin/sh;
			shellScript = "diff \"${PODS_PODFILE_DIR_PATH}/Podfile.lock\" \"${PODS_ROOT}/Manifest.lock\" > /dev/null\nif [ $? != 0 ] ; then\n    # print error to STDERR\n    echo \"error: The sandbox is not in sync with the Podfile.lock. Run 'pod install' or update your CocoaPods installation.\" >&2\n    exit 1\nfi\n# This output is used by Xcode 'outputs' to avoid re-running this script phase.\necho \"SUCCESS\" > \"${SCRIPT_OUTPUT_FILE_0}\"\n";
			showEnvVarsInLog = 0;
		};
		DB8E72A4A92EF3E304D22B78 /* [CP] Copy Pods Resources */ = {
			isa = PBXShellScriptBuildPhase;
			buildActionMask = 2147483647;
			files = (
			);
			inputFileListPaths = (
				"${PODS_ROOT}/Target Support Files/Pods-Orientation21-Orientation21Tests/Pods-Orientation21-Orientation21Tests-resources-${CONFIGURATION}-input-files.xcfilelist",
			);
			name = "[CP] Copy Pods Resources";
			outputFileListPaths = (
				"${PODS_ROOT}/Target Support Files/Pods-Orientation21-Orientation21Tests/Pods-Orientation21-Orientation21Tests-resources-${CONFIGURATION}-output-files.xcfilelist",
			);
			runOnlyForDeploymentPostprocessing = 0;
			shellPath = /bin/sh;
			shellScript = "\"${PODS_ROOT}/Target Support Files/Pods-Orientation21-Orientation21Tests/Pods-Orientation21-Orientation21Tests-resources.sh\"\n";
			showEnvVarsInLog = 0;
		};
		FD10A7F022414F080027D42C /* Start Packager */ = {
			isa = PBXShellScriptBuildPhase;
			buildActionMask = 2147483647;
			files = (
			);
			inputFileListPaths = (
			);
			inputPaths = (
			);
			name = "Start Packager";
			outputFileListPaths = (
			);
			outputPaths = (
			);
			runOnlyForDeploymentPostprocessing = 0;
			shellPath = /bin/sh;
			shellScript = "export RCT_METRO_PORT=\"${RCT_METRO_PORT:=8081}\"\necho \"export RCT_METRO_PORT=${RCT_METRO_PORT}\" > \"${SRCROOT}/../node_modules/react-native/scripts/.packager.env\"\nif [ -z \"${RCT_NO_LAUNCH_PACKAGER+xxx}\" ] ; then\n  if nc -w 5 -z localhost ${RCT_METRO_PORT} ; then\n    if ! curl -s \"http://localhost:${RCT_METRO_PORT}/status\" | grep -q \"packager-status:running\" ; then\n      echo \"Port ${RCT_METRO_PORT} already in use, packager is either not running or not running correctly\"\n      exit 2\n    fi\n  else\n    open \"$SRCROOT/../node_modules/react-native/scripts/launchPackager.command\" || echo \"Can't start packager automatically\"\n  fi\nfi\n";
			showEnvVarsInLog = 0;
		};
/* End PBXShellScriptBuildPhase section */

/* Begin PBXSourcesBuildPhase section */
		00E356EA1AD99517003FC87E /* Sources */ = {
			isa = PBXSourcesBuildPhase;
			buildActionMask = 2147483647;
			files = (
				00E356F31AD99517003FC87E /* Orientation21Tests.m in Sources */,
			);
			runOnlyForDeploymentPostprocessing = 0;
		};
		13B07F871A680F5B00A75B9A /* Sources */ = {
			isa = PBXSourcesBuildPhase;
			buildActionMask = 2147483647;
			files = (
				13B07FBC1A68108700A75B9A /* AppDelegate.m in Sources */,
				13B07FC11A68108700A75B9A /* main.m in Sources */,
			);
			runOnlyForDeploymentPostprocessing = 0;
		};
/* End PBXSourcesBuildPhase section */

/* Begin PBXTargetDependency section */
		00E356F51AD99517003FC87E /* PBXTargetDependency */ = {
			isa = PBXTargetDependency;
			target = 13B07F861A680F5B00A75B9A /* Orientation21 */;
			targetProxy = 00E356F41AD99517003FC87E /* PBXContainerItemProxy */;
		};
/* End PBXTargetDependency section */

/* Begin XCBuildConfiguration section */
		00E356F61AD99517003FC87E /* Debug */ = {
			isa = XCBuildConfiguration;
			baseConfigurationReference = 717B1C1B448ED9087E2F7079 /* Pods-Orientation21-Orientation21Tests.debug.xcconfig */;
			buildSettings = {
				BUNDLE_LOADER = "$(TEST_HOST)";
				GCC_PREPROCESSOR_DEFINITIONS = (
					"DEBUG=1",
					"$(inherited)",
				);
				INFOPLIST_FILE = Orientation21Tests/Info.plist;
				IPHONEOS_DEPLOYMENT_TARGET = 11.0;
				LD_RUNPATH_SEARCH_PATHS = (
					"$(inherited)",
					"@executable_path/Frameworks",
					"@loader_path/Frameworks",
				);
				OTHER_LDFLAGS = (
					"-ObjC",
					"-lc++",
					"$(inherited)",
				);
				PRODUCT_BUNDLE_IDENTIFIER = "org.reactjs.native.example.$(PRODUCT_NAME:rfc1034identifier)";
				PRODUCT_NAME = "$(TARGET_NAME)";
				TEST_HOST = "$(BUILT_PRODUCTS_DIR)/Orientation21.app/Orientation21";
			};
			name = Debug;
		};
		00E356F71AD99517003FC87E /* Release */ = {
			isa = XCBuildConfiguration;
			baseConfigurationReference = 4DDFF8226764EC6CA026C560 /* Pods-Orientation21-Orientation21Tests.release.xcconfig */;
			buildSettings = {
				BUNDLE_LOADER = "$(TEST_HOST)";
				COPY_PHASE_STRIP = NO;
				INFOPLIST_FILE = Orientation21Tests/Info.plist;
				IPHONEOS_DEPLOYMENT_TARGET = 11.0;
				LD_RUNPATH_SEARCH_PATHS = (
					"$(inherited)",
					"@executable_path/Frameworks",
					"@loader_path/Frameworks",
				);
				OTHER_LDFLAGS = (
					"-ObjC",
					"-lc++",
					"$(inherited)",
				);
				PRODUCT_BUNDLE_IDENTIFIER = "org.reactjs.native.example.$(PRODUCT_NAME:rfc1034identifier)";
				PRODUCT_NAME = "$(TARGET_NAME)";
				TEST_HOST = "$(BUILT_PRODUCTS_DIR)/Orientation21.app/Orientation21";
			};
			name = Release;
		};
		13B07F941A680F5B00A75B9A /* Debug */ = {
			isa = XCBuildConfiguration;
			baseConfigurationReference = 4DBBB5FF2A3F08DE3D08614A /* Pods-Orientation21.debug.xcconfig */;
			buildSettings = {
				ASSETCATALOG_COMPILER_APPICON_NAME = AppIcon;
				CLANG_ENABLE_MODULES = YES;
				CURRENT_PROJECT_VERSION = 1;
				ENABLE_BITCODE = NO;
				INFOPLIST_FILE = Orientation21/Info.plist;
				LD_RUNPATH_SEARCH_PATHS = (
					"$(inherited)",
					"@executable_path/Frameworks",
				);
				OTHER_LDFLAGS = (
					"$(inherited)",
					"-ObjC",
					"-lc++",
				);
				PRODUCT_BUNDLE_IDENTIFIER = "org.reactjs.native.example.$(PRODUCT_NAME:rfc1034identifier)";
				PRODUCT_NAME = Orientation21;
				SWIFT_OPTIMIZATION_LEVEL = "-Onone";
				SWIFT_VERSION = 5.0;
				VERSIONING_SYSTEM = "apple-generic";
			};
			name = Debug;
		};
		13B07F951A680F5B00A75B9A /* Release */ = {
			isa = XCBuildConfiguration;
			baseConfigurationReference = DF1238CCB32AAB143238CCD8 /* Pods-Orientation21.release.xcconfig */;
			buildSettings = {
				ASSETCATALOG_COMPILER_APPICON_NAME = AppIcon;
				CLANG_ENABLE_MODULES = YES;
				CURRENT_PROJECT_VERSION = 1;
				INFOPLIST_FILE = Orientation21/Info.plist;
				LD_RUNPATH_SEARCH_PATHS = (
					"$(inherited)",
					"@executable_path/Frameworks",
				);
				OTHER_LDFLAGS = (
					"$(inherited)",
					"-ObjC",
					"-lc++",
				);
				PRODUCT_BUNDLE_IDENTIFIER = "org.reactjs.native.example.$(PRODUCT_NAME:rfc1034identifier)";
				PRODUCT_NAME = Orientation21;
				SWIFT_VERSION = 5.0;
				VERSIONING_SYSTEM = "apple-generic";
			};
			name = Release;
		};
		83CBBA201A601CBA00E9B192 /* Debug */ = {
			isa = XCBuildConfiguration;
			buildSettings = {
				ALWAYS_SEARCH_USER_PATHS = NO;
				CLANG_ANALYZER_LOCALIZABILITY_NONLOCALIZED = YES;
				CLANG_CXX_LANGUAGE_STANDARD = "gnu++0x";
				CLANG_CXX_LIBRARY = "libc++";
				CLANG_ENABLE_MODULES = YES;
				CLANG_ENABLE_OBJC_ARC = YES;
				CLANG_WARN_BLOCK_CAPTURE_AUTORELEASING = YES;
				CLANG_WARN_BOOL_CONVERSION = YES;
				CLANG_WARN_COMMA = YES;
				CLANG_WARN_CONSTANT_CONVERSION = YES;
				CLANG_WARN_DEPRECATED_OBJC_IMPLEMENTATIONS = YES;
				CLANG_WARN_DIRECT_OBJC_ISA_USAGE = YES_ERROR;
				CLANG_WARN_EMPTY_BODY = YES;
				CLANG_WARN_ENUM_CONVERSION = YES;
				CLANG_WARN_INFINITE_RECURSION = YES;
				CLANG_WARN_INT_CONVERSION = YES;
				CLANG_WARN_NON_LITERAL_NULL_CONVERSION = YES;
				CLANG_WARN_OBJC_IMPLICIT_RETAIN_SELF = YES;
				CLANG_WARN_OBJC_LITERAL_CONVERSION = YES;
				CLANG_WARN_OBJC_ROOT_CLASS = YES_ERROR;
				CLANG_WARN_QUOTED_INCLUDE_IN_FRAMEWORK_HEADER = YES;
				CLANG_WARN_RANGE_LOOP_ANALYSIS = YES;
				CLANG_WARN_STRICT_PROTOTYPES = YES;
				CLANG_WARN_SUSPICIOUS_MOVE = YES;
				CLANG_WARN_UNREACHABLE_CODE = YES;
				CLANG_WARN__DUPLICATE_METHOD_MATCH = YES;
				"CODE_SIGN_IDENTITY[sdk=iphoneos*]" = "iPhone Developer";
				COPY_PHASE_STRIP = NO;
				ENABLE_STRICT_OBJC_MSGSEND = YES;
				ENABLE_TESTABILITY = YES;
				"EXCLUDED_ARCHS[sdk=iphonesimulator*]" = "";
				GCC_C_LANGUAGE_STANDARD = gnu99;
				GCC_DYNAMIC_NO_PIC = NO;
				GCC_NO_COMMON_BLOCKS = YES;
				GCC_OPTIMIZATION_LEVEL = 0;
				GCC_PREPROCESSOR_DEFINITIONS = (
					"DEBUG=1",
					"$(inherited)",
				);
				GCC_SYMBOLS_PRIVATE_EXTERN = NO;
				GCC_WARN_64_TO_32_BIT_CONVERSION = YES;
				GCC_WARN_ABOUT_RETURN_TYPE = YES_ERROR;
				GCC_WARN_UNDECLARED_SELECTOR = YES;
				GCC_WARN_UNINITIALIZED_AUTOS = YES_AGGRESSIVE;
				GCC_WARN_UNUSED_FUNCTION = YES;
				GCC_WARN_UNUSED_VARIABLE = YES;
				IPHONEOS_DEPLOYMENT_TARGET = 11.0;
				LD_RUNPATH_SEARCH_PATHS = (
					/usr/lib/swift,
					"$(inherited)",
				);
				LIBRARY_SEARCH_PATHS = (
					"\"$(TOOLCHAIN_DIR)/usr/lib/swift/$(PLATFORM_NAME)\"",
					"\"$(TOOLCHAIN_DIR)/usr/lib/swift-5.0/$(PLATFORM_NAME)\"",
					"\"$(inherited)\"",
				);
				MTL_ENABLE_DEBUG_INFO = YES;
				ONLY_ACTIVE_ARCH = YES;
				SDKROOT = iphoneos;
			};
			name = Debug;
		};
		83CBBA211A601CBA00E9B192 /* Release */ = {
			isa = XCBuildConfiguration;
			buildSettings = {
				ALWAYS_SEARCH_USER_PATHS = NO;
				CLANG_ANALYZER_LOCALIZABILITY_NONLOCALIZED = YES;
				CLANG_CXX_LANGUAGE_STANDARD = "gnu++0x";
				CLANG_CXX_LIBRARY = "libc++";
				CLANG_ENABLE_MODULES = YES;
				CLANG_ENABLE_OBJC_ARC = YES;
				CLANG_WARN_BLOCK_CAPTURE_AUTORELEASING = YES;
				CLANG_WARN_BOOL_CONVERSION = YES;
				CLANG_WARN_COMMA = YES;
				CLANG_WARN_CONSTANT_CONVERSION = YES;
				CLANG_WARN_DEPRECATED_OBJC_IMPLEMENTATIONS = YES;
				CLANG_WARN_DIRECT_OBJC_ISA_USAGE = YES_ERROR;
				CLANG_WARN_EMPTY_BODY = YES;
				CLANG_WARN_ENUM_CONVERSION = YES;
				CLANG_WARN_INFINITE_RECURSION = YES;
				CLANG_WARN_INT_CONVERSION = YES;
				CLANG_WARN_NON_LITERAL_NULL_CONVERSION = YES;
				CLANG_WARN_OBJC_IMPLICIT_RETAIN_SELF = YES;
				CLANG_WARN_OBJC_LITERAL_CONVERSION = YES;
				CLANG_WARN_OBJC_ROOT_CLASS = YES_ERROR;
				CLANG_WARN_QUOTED_INCLUDE_IN_FRAMEWORK_HEADER = YES;
				CLANG_WARN_RANGE_LOOP_ANALYSIS = YES;
				CLANG_WARN_STRICT_PROTOTYPES = YES;
				CLANG_WARN_SUSPICIOUS_MOVE = YES;
				CLANG_WARN_UNREACHABLE_CODE = YES;
				CLANG_WARN__DUPLICATE_METHOD_MATCH = YES;
				"CODE_SIGN_IDENTITY[sdk=iphoneos*]" = "iPhone Developer";
				COPY_PHASE_STRIP = YES;
				ENABLE_NS_ASSERTIONS = NO;
				ENABLE_STRICT_OBJC_MSGSEND = YES;
				"EXCLUDED_ARCHS[sdk=iphonesimulator*]" = "";
				GCC_C_LANGUAGE_STANDARD = gnu99;
				GCC_NO_COMMON_BLOCKS = YES;
				GCC_WARN_64_TO_32_BIT_CONVERSION = YES;
				GCC_WARN_ABOUT_RETURN_TYPE = YES_ERROR;
				GCC_WARN_UNDECLARED_SELECTOR = YES;
				GCC_WARN_UNINITIALIZED_AUTOS = YES_AGGRESSIVE;
				GCC_WARN_UNUSED_FUNCTION = YES;
				GCC_WARN_UNUSED_VARIABLE = YES;
				IPHONEOS_DEPLOYMENT_TARGET = 11.0;
				LD_RUNPATH_SEARCH_PATHS = (
					/usr/lib/swift,
					"$(inherited)",
				);
				LIBRARY_SEARCH_PATHS = (
					"\"$(TOOLCHAIN_DIR)/usr/lib/swift/$(PLATFORM_NAME)\"",
					"\"$(TOOLCHAIN_DIR)/usr/lib/swift-5.0/$(PLATFORM_NAME)\"",
					"\"$(inherited)\"",
				);
				MTL_ENABLE_DEBUG_INFO = NO;
				SDKROOT = iphoneos;
				VALIDATE_PRODUCT = YES;
			};
			name = Release;
		};
/* End XCBuildConfiguration section */

/* Begin XCConfigurationList section */
		00E357021AD99517003FC87E /* Build configuration list for PBXNativeTarget "Orientation21Tests" */ = {
			isa = XCConfigurationList;
			buildConfigurations = (
				00E356F61AD99517003FC87E /* Debug */,
				00E356F71AD99517003FC87E /* Release */,
			);
			defaultConfigurationIsVisible = 0;
			defaultConfigurationName = Release;
		};
		13B07F931A680F5B00A75B9A /* Build configuration list for PBXNativeTarget "Orientation21" */ = {
			isa = XCConfigurationList;
			buildConfigurations = (
				13B07F941A680F5B00A75B9A /* Debug */,
				13B07F951A680F5B00A75B9A /* Release */,
			);
			defaultConfigurationIsVisible = 0;
			defaultConfigurationName = Release;
		};
		83CBB9FA1A601CBA00E9B192 /* Build configuration list for PBXProject "Orientation21" */ = {
			isa = XCConfigurationList;
			buildConfigurations = (
				83CBBA201A601CBA00E9B192 /* Debug */,
				83CBBA211A601CBA00E9B192 /* Release */,
			);
			defaultConfigurationIsVisible = 0;
			defaultConfigurationName = Release;
		};
/* End XCConfigurationList section */
	};
	rootObject = 83CBB9F71A601CBA00E9B192 /* Project object */;
}
